# @generated by Move, please check-in and do not edit manually.

[move]
version = 3
manifest_digest = "514C0AB50FA50B9880193F84074A0B3FD265D0324C6BF9E5DAC2120A0B5CFCA2"
deps_digest = "F8BBB0CCB2491CA29A3DF03D6F92277A4F3574266507ACD77214D37ECA3F3082"
dependencies = [
  { id = "Sui", name = "Sui" },
]

[[move.package]]
id = "MoveStdlib"
source = { git = "https://github.com/MystenLabs/sui.git", rev = "framework/testnet", subdir = "crates/sui-framework/packages/move-stdlib" }

[[move.package]]
id = "Sui"
source = { git = "https://github.com/MystenLabs/sui.git", rev = "framework/testnet", subdir = "crates/sui-framework/packages/sui-framework" }

dependencies = [
  { id = "MoveStdlib", name = "MoveStdlib" },
]

[move.toolchain-version]
compiler-version = "1.55.0"
edition = "2024.beta"
flavor = "sui"

[env]

[env.testnet]
chain-id = "4c78adac"
original-published-id = "0xba87a80905ce7cd9518b2a353ac617059386887ac072c1194da10a18f5398da7"
latest-published-id = "0xba87a80905ce7cd9518b2a353ac617059386887ac072c1194da10a18f5398da7"
published-version = "1"
